// !$*UTF8*$!
{
	archiveVersion = 1;
	classes = {
	};
	objectVersion = 56;
	objects = {

/* Begin PBXBuildFile section */
		7A4893EB2B69A55500A559E6 /* where2eatApp.swift in Sources */ = {isa = PBXBuildFile; fileRef = 7A4893EA2B69A55500A559E6 /* where2eatApp.swift */; };
		7A4893ED2B69A55500A559E6 /* ContentView.swift in Sources */ = {isa = PBXBuildFile; fileRef = 7A4893EC2B69A55500A559E6 /* ContentView.swift */; };
		7A4893EF2B69A55600A559E6 /* Assets.xcassets in Resources */ = {isa = PBXBuildFile; fileRef = 7A4893EE2B69A55600A559E6 /* Assets.xcassets */; };
		7A4893F22B69A55600A559E6 /* Preview Assets.xcassets in Resources */ = {isa = PBXBuildFile; fileRef = 7A4893F12B69A55600A559E6 /* Preview Assets.xcassets */; };
		7A4893FC2B69A55600A559E6 /* where2eatTests.swift in Sources */ = {isa = PBXBuildFile; fileRef = 7A4893FB2B69A55600A559E6 /* where2eatTests.swift */; };
		7A4894062B69A55600A559E6 /* where2eatUITests.swift in Sources */ = {isa = PBXBuildFile; fileRef = 7A4894052B69A55600A559E6 /* where2eatUITests.swift */; };
		7A4894082B69A55600A559E6 /* where2eatUITestsLaunchTests.swift in Sources */ = {isa = PBXBuildFile; fileRef = 7A4894072B69A55600A559E6 /* where2eatUITestsLaunchTests.swift */; };
/* End PBXBuildFile section */

/* Begin PBXContainerItemProxy section */
		7A4893F82B69A55600A559E6 /* PBXContainerItemProxy */ = {
			isa = PBXContainerItemProxy;
			containerPortal = 7A4893DF2B69A55500A559E6 /* Project object */;
			proxyType = 1;
			remoteGlobalIDString = 7A4893E62B69A55500A559E6;
			remoteInfo = where2eat;
		};
		7A4894022B69A55600A559E6 /* PBXContainerItemProxy */ = {
			isa = PBXContainerItemProxy;
			containerPortal = 7A4893DF2B69A55500A559E6 /* Project object */;
			proxyType = 1;
			remoteGlobalIDString = 7A4893E62B69A55500A559E6;
			remoteInfo = where2eat;
		};
/* End PBXContainerItemProxy section */

/* Begin PBXFileReference section */
		7A4893E72B69A55500A559E6 /* where2eat.app */ = {isa = PBXFileReference; explicitFileType = wrapper.application; includeInIndex = 0; path = where2eat.app; sourceTree = BUILT_PRODUCTS_DIR; };
		7A4893EA2B69A55500A559E6 /* where2eatApp.swift */ = {isa = PBXFileReference; lastKnownFileType = sourcecode.swift; path = where2eatApp.swift; sourceTree = "<group>"; };
		7A4893EC2B69A55500A559E6 /* ContentView.swift */ = {isa = PBXFileReference; lastKnownFileType = sourcecode.swift; path = ContentView.swift; sourceTree = "<group>"; };
		7A4893EE2B69A55600A559E6 /* Assets.xcassets */ = {isa = PBXFileReference; lastKnownFileType = folder.assetcatalog; path = Assets.xcassets; sourceTree = "<group>"; };
		7A4893F12B69A55600A559E6 /* Preview Assets.xcassets */ = {isa = PBXFileReference; lastKnownFileType = folder.assetcatalog; path = "Preview Assets.xcassets"; sourceTree = "<group>"; };
		7A4893F72B69A55600A559E6 /* where2eatTests.xctest */ = {isa = PBXFileReference; explicitFileType = wrapper.cfbundle; includeInIndex = 0; path = where2eatTests.xctest; sourceTree = BUILT_PRODUCTS_DIR; };
		7A4893FB2B69A55600A559E6 /* where2eatTests.swift */ = {isa = PBXFileReference; lastKnownFileType = sourcecode.swift; path = where2eatTests.swift; sourceTree = "<group>"; };
		7A4894012B69A55600A559E6 /* where2eatUITests.xctest */ = {isa = PBXFileReference; explicitFileType = wrapper.cfbundle; includeInIndex = 0; path = where2eatUITests.xctest; sourceTree = BUILT_PRODUCTS_DIR; };
		7A4894052B69A55600A559E6 /* where2eatUITests.swift */ = {isa = PBXFileReference; lastKnownFileType = sourcecode.swift; path = where2eatUITests.swift; sourceTree = "<group>"; };
		7A4894072B69A55600A559E6 /* where2eatUITestsLaunchTests.swift */ = {isa = PBXFileReference; lastKnownFileType = sourcecode.swift; path = where2eatUITestsLaunchTests.swift; sourceTree = "<group>"; };
/* End PBXFileReference section */

/* Begin PBXFrameworksBuildPhase section */
		7A4893E42B69A55500A559E6 /* Frameworks */ = {
			isa = PBXFrameworksBuildPhase;
			buildActionMask = 2147483647;
			files = (
			);
			runOnlyForDeploymentPostprocessing = 0;
		};
		7A4893F42B69A55600A559E6 /* Frameworks */ = {
			isa = PBXFrameworksBuildPhase;
			buildActionMask = 2147483647;
			files = (
			);
			runOnlyForDeploymentPostprocessing = 0;
		};
		7A4893FE2B69A55600A559E6 /* Frameworks */ = {
			isa = PBXFrameworksBuildPhase;
			buildActionMask = 2147483647;
			files = (
			);
			runOnlyForDeploymentPostprocessing = 0;
		};
/* End PBXFrameworksBuildPhase section */

/* Begin PBXGroup section */
		7A4893DE2B69A55500A559E6 = {
			isa = PBXGroup;
			children = (
				7A4893E92B69A55500A559E6 /* where2eat */,
				7A4893FA2B69A55600A559E6 /* where2eatTests */,
				7A4894042B69A55600A559E6 /* where2eatUITests */,
				7A4893E82B69A55500A559E6 /* Products */,
			);
			sourceTree = "<group>";
		};
		7A4893E82B69A55500A559E6 /* Products */ = {
			isa = PBXGroup;
			children = (
				7A4893E72B69A55500A559E6 /* where2eat.app */,
				7A4893F72B69A55600A559E6 /* where2eatTests.xctest */,
				7A4894012B69A55600A559E6 /* where2eatUITests.xctest */,
			);
			name = Products;
			sourceTree = "<group>";
		};
		7A4893E92B69A55500A559E6 /* where2eat */ = {
			isa = PBXGroup;
			children = (
				7A4893EA2B69A55500A559E6 /* where2eatApp.swift */,
				7A4893EC2B69A55500A559E6 /* ContentView.swift */,
				7A4893EE2B69A55600A559E6 /* Assets.xcassets */,
				7A4893F02B69A55600A559E6 /* Preview Content */,
			);
			path = where2eat;
			sourceTree = "<group>";
		};
		7A4893F02B69A55600A559E6 /* Preview Content */ = {
			isa = PBXGroup;
			children = (
				7A4893F12B69A55600A559E6 /* Preview Assets.xcassets */,
			);
			path = "Preview Content";
			sourceTree = "<group>";
		};
		7A4893FA2B69A55600A559E6 /* where2eatTests */ = {
			isa = PBXGroup;
			children = (
				7A4893FB2B69A55600A559E6 /* where2eatTests.swift */,
			);
			path = where2eatTests;
			sourceTree = "<group>";
		};
		7A4894042B69A55600A559E6 /* where2eatUITests */ = {
			isa = PBXGroup;
			children = (
				7A4894052B69A55600A559E6 /* where2eatUITests.swift */,
				7A4894072B69A55600A559E6 /* where2eatUITestsLaunchTests.swift */,
			);
			path = where2eatUITests;
			sourceTree = "<group>";
		};
/* End PBXGroup section */

/* Begin PBXNativeTarget section */
		7A4893E62B69A55500A559E6 /* where2eat */ = {
			isa = PBXNativeTarget;
			buildConfigurationList = 7A48940B2B69A55600A559E6 /* Build configuration list for PBXNativeTarget "where2eat" */;
			buildPhases = (
				7A4893E32B69A55500A559E6 /* Sources */,
				7A4893E42B69A55500A559E6 /* Frameworks */,
				7A4893E52B69A55500A559E6 /* Resources */,
			);
			buildRules = (
			);
			dependencies = (
			);
			name = where2eat;
			productName = where2eat;
			productReference = 7A4893E72B69A55500A559E6 /* where2eat.app */;
			productType = "com.apple.product-type.application";
		};
		7A4893F62B69A55600A559E6 /* where2eatTests */ = {
			isa = PBXNativeTarget;
			buildConfigurationList = 7A48940E2B69A55600A559E6 /* Build configuration list for PBXNativeTarget "where2eatTests" */;
			buildPhases = (
				7A4893F32B69A55600A559E6 /* Sources */,
				7A4893F42B69A55600A559E6 /* Frameworks */,
				7A4893F52B69A55600A559E6 /* Resources */,
			);
			buildRules = (
			);
			dependencies = (
				7A4893F92B69A55600A559E6 /* PBXTargetDependency */,
			);
			name = where2eatTests;
			productName = where2eatTests;
			productReference = 7A4893F72B69A55600A559E6 /* where2eatTests.xctest */;
			productType = "com.apple.product-type.bundle.unit-test";
		};
		7A4894002B69A55600A559E6 /* where2eatUITests */ = {
			isa = PBXNativeTarget;
			buildConfigurationList = 7A4894112B69A55600A559E6 /* Build configuration list for PBXNativeTarget "where2eatUITests" */;
			buildPhases = (
				7A4893FD2B69A55600A559E6 /* Sources */,
				7A4893FE2B69A55600A559E6 /* Frameworks */,
				7A4893FF2B69A55600A559E6 /* Resources */,
			);
			buildRules = (
			);
			dependencies = (
				7A4894032B69A55600A559E6 /* PBXTargetDependency */,
			);
			name = where2eatUITests;
			productName = where2eatUITests;
			productReference = 7A4894012B69A55600A559E6 /* where2eatUITests.xctest */;
			productType = "com.apple.product-type.bundle.ui-testing";
		};
/* End PBXNativeTarget section */

/* Begin PBXProject section */
		7A4893DF2B69A55500A559E6 /* Project object */ = {
			isa = PBXProject;
			attributes = {
				BuildIndependentTargetsInParallel = 1;
				LastSwiftUpdateCheck = 1520;
				LastUpgradeCheck = 1520;
				TargetAttributes = {
					7A4893E62B69A55500A559E6 = {
						CreatedOnToolsVersion = 15.2;
					};
					7A4893F62B69A55600A559E6 = {
						CreatedOnToolsVersion = 15.2;
						TestTargetID = 7A4893E62B69A55500A559E6;
					};
					7A4894002B69A55600A559E6 = {
						CreatedOnToolsVersion = 15.2;
						TestTargetID = 7A4893E62B69A55500A559E6;
					};
				};
			};
			buildConfigurationList = 7A4893E22B69A55500A559E6 /* Build configuration list for PBXProject "where2eat" */;
			compatibilityVersion = "Xcode 14.0";
			developmentRegion = en;
			hasScannedForEncodings = 0;
			knownRegions = (
				en,
				Base,
			);
			mainGroup = 7A4893DE2B69A55500A559E6;
			productRefGroup = 7A4893E82B69A55500A559E6 /* Products */;
			projectDirPath = "";
			projectRoot = "";
			targets = (
				7A4893E62B69A55500A559E6 /* where2eat */,
				7A4893F62B69A55600A559E6 /* where2eatTests */,
				7A4894002B69A55600A559E6 /* where2eatUITests */,
			);
		};
/* End PBXProject section */

/* Begin PBXResourcesBuildPhase section */
		7A4893E52B69A55500A559E6 /* Resources */ = {
			isa = PBXResourcesBuildPhase;
			buildActionMask = 2147483647;
			files = (
				7A4893F22B69A55600A559E6 /* Preview Assets.xcassets in Resources */,
				7A4893EF2B69A55600A559E6 /* Assets.xcassets in Resources */,
			);
			runOnlyForDeploymentPostprocessing = 0;
		};
		7A4893F52B69A55600A559E6 /* Resources */ = {
			isa = PBXResourcesBuildPhase;
			buildActionMask = 2147483647;
			files = (
			);
			runOnlyForDeploymentPostprocessing = 0;
		};
		7A4893FF2B69A55600A559E6 /* Resources */ = {
			isa = PBXResourcesBuildPhase;
			buildActionMask = 2147483647;
			files = (
			);
			runOnlyForDeploymentPostprocessing = 0;
		};
/* End PBXResourcesBuildPhase section */

/* Begin PBXSourcesBuildPhase section */
		7A4893E32B69A55500A559E6 /* Sources */ = {
			isa = PBXSourcesBuildPhase;
			buildActionMask = 2147483647;
			files = (
				7A4893ED2B69A55500A559E6 /* ContentView.swift in Sources */,
				7A4893EB2B69A55500A559E6 /* where2eatApp.swift in Sources */,
			);
			runOnlyForDeploymentPostprocessing = 0;
		};
		7A4893F32B69A55600A559E6 /* Sources */ = {
			isa = PBXSourcesBuildPhase;
			buildActionMask = 2147483647;
			files = (
				7A4893FC2B69A55600A559E6 /* where2eatTests.swift in Sources */,
			);
			runOnlyForDeploymentPostprocessing = 0;
		};
		7A4893FD2B69A55600A559E6 /* Sources */ = {
			isa = PBXSourcesBuildPhase;
			buildActionMask = 2147483647;
			files = (
				7A4894082B69A55600A559E6 /* where2eatUITestsLaunchTests.swift in Sources */,
				7A4894062B69A55600A559E6 /* where2eatUITests.swift in Sources */,
			);
			runOnlyForDeploymentPostprocessing = 0;
		};
/* End PBXSourcesBuildPhase section */

/* Begin PBXTargetDependency section */
		7A4893F92B69A55600A559E6 /* PBXTargetDependency */ = {
			isa = PBXTargetDependency;
			target = 7A4893E62B69A55500A559E6 /* where2eat */;
			targetProxy = 7A4893F82B69A55600A559E6 /* PBXContainerItemProxy */;
		};
		7A4894032B69A55600A559E6 /* PBXTargetDependency */ = {
			isa = PBXTargetDependency;
			target = 7A4893E62B69A55500A559E6 /* where2eat */;
			targetProxy = 7A4894022B69A55600A559E6 /* PBXContainerItemProxy */;
		};
/* End PBXTargetDependency section */

/* Begin XCBuildConfiguration section */
		7A4894092B69A55600A559E6 /* Debug */ = {
			isa = XCBuildConfiguration;
			buildSettings = {
				ALWAYS_SEARCH_USER_PATHS = NO;
				ASSETCATALOG_COMPILER_GENERATE_SWIFT_ASSET_SYMBOL_EXTENSIONS = YES;
				CLANG_ANALYZER_NONNULL = YES;
				CLANG_ANALYZER_NUMBER_OBJECT_CONVERSION = YES_AGGRESSIVE;
				CLANG_CXX_LANGUAGE_STANDARD = "gnu++20";
				CLANG_ENABLE_MODULES = YES;
				CLANG_ENABLE_OBJC_ARC = YES;
				CLANG_ENABLE_OBJC_WEAK = YES;
				CLANG_WARN_BLOCK_CAPTURE_AUTORELEASING = YES;
				CLANG_WARN_BOOL_CONVERSION = YES;
				CLANG_WARN_COMMA = YES;
				CLANG_WARN_CONSTANT_CONVERSION = YES;
				CLANG_WARN_DEPRECATED_OBJC_IMPLEMENTATIONS = YES;
				CLANG_WARN_DIRECT_OBJC_ISA_USAGE = YES_ERROR;
				CLANG_WARN_DOCUMENTATION_COMMENTS = YES;
				CLANG_WARN_EMPTY_BODY = YES;
				CLANG_WARN_ENUM_CONVERSION = YES;
				CLANG_WARN_INFINITE_RECURSION = YES;
				CLANG_WARN_INT_CONVERSION = YES;
				CLANG_WARN_NON_LITERAL_NULL_CONVERSION = YES;
				CLANG_WARN_OBJC_IMPLICIT_RETAIN_SELF = YES;
				CLANG_WARN_OBJC_LITERAL_CONVERSION = YES;
				CLANG_WARN_OBJC_ROOT_CLASS = YES_ERROR;
				CLANG_WARN_QUOTED_INCLUDE_IN_FRAMEWORK_HEADER = YES;
				CLANG_WARN_RANGE_LOOP_ANALYSIS = YES;
				CLANG_WARN_STRICT_PROTOTYPES = YES;
				CLANG_WARN_SUSPICIOUS_MOVE = YES;
				CLANG_WARN_UNGUARDED_AVAILABILITY = YES_AGGRESSIVE;
				CLANG_WARN_UNREACHABLE_CODE = YES;
				CLANG_WARN__DUPLICATE_METHOD_MATCH = YES;
				COPY_PHASE_STRIP = NO;
				DEBUG_INFORMATION_FORMAT = dwarf;
				ENABLE_STRICT_OBJC_MSGSEND = YES;
				ENABLE_TESTABILITY = YES;
				ENABLE_USER_SCRIPT_SANDBOXING = YES;
				GCC_C_LANGUAGE_STANDARD = gnu17;
				GCC_DYNAMIC_NO_PIC = NO;
				GCC_NO_COMMON_BLOCKS = YES;
				GCC_OPTIMIZATION_LEVEL = 0;
				GCC_PREPROCESSOR_DEFINITIONS = (
					"DEBUG=1",
					"$(inherited)",
				);
				GCC_WARN_64_TO_32_BIT_CONVERSION = YES;
				GCC_WARN_ABOUT_RETURN_TYPE = YES_ERROR;
				GCC_WARN_UNDECLARED_SELECTOR = YES;
				GCC_WARN_UNINITIALIZED_AUTOS = YES_AGGRESSIVE;
				GCC_WARN_UNUSED_FUNCTION = YES;
				GCC_WARN_UNUSED_VARIABLE = YES;
				IPHONEOS_DEPLOYMENT_TARGET = 17.2;
				LOCALIZATION_PREFERS_STRING_CATALOGS = YES;
				MTL_ENABLE_DEBUG_INFO = INCLUDE_SOURCE;
				MTL_FAST_MATH = YES;
				ONLY_ACTIVE_ARCH = YES;
				SDKROOT = iphoneos;
				SWIFT_ACTIVE_COMPILATION_CONDITIONS = "DEBUG $(inherited)";
				SWIFT_OPTIMIZATION_LEVEL = "-Onone";
			};
			name = Debug;
		};
		7A48940A2B69A55600A559E6 /* Release */ = {
			isa = XCBuildConfiguration;
			buildSettings = {
				ALWAYS_SEARCH_USER_PATHS = NO;
				ASSETCATALOG_COMPILER_GENERATE_SWIFT_ASSET_SYMBOL_EXTENSIONS = YES;
				CLANG_ANALYZER_NONNULL = YES;
				CLANG_ANALYZER_NUMBER_OBJECT_CONVERSION = YES_AGGRESSIVE;
				CLANG_CXX_LANGUAGE_STANDARD = "gnu++20";
				CLANG_ENABLE_MODULES = YES;
				CLANG_ENABLE_OBJC_ARC = YES;
				CLANG_ENABLE_OBJC_WEAK = YES;
				CLANG_WARN_BLOCK_CAPTURE_AUTORELEASING = YES;
				CLANG_WARN_BOOL_CONVERSION = YES;
				CLANG_WARN_COMMA = YES;
				CLANG_WARN_CONSTANT_CONVERSION = YES;
				CLANG_WARN_DEPRECATED_OBJC_IMPLEMENTATIONS = YES;
				CLANG_WARN_DIRECT_OBJC_ISA_USAGE = YES_ERROR;
				CLANG_WARN_DOCUMENTATION_COMMENTS = YES;
				CLANG_WARN_EMPTY_BODY = YES;
				CLANG_WARN_ENUM_CONVERSION = YES;
				CLANG_WARN_INFINITE_RECURSION = YES;
				CLANG_WARN_INT_CONVERSION = YES;
				CLANG_WARN_NON_LITERAL_NULL_CONVERSION = YES;
				CLANG_WARN_OBJC_IMPLICIT_RETAIN_SELF = YES;
				CLANG_WARN_OBJC_LITERAL_CONVERSION = YES;
				CLANG_WARN_OBJC_ROOT_CLASS = YES_ERROR;
				CLANG_WARN_QUOTED_INCLUDE_IN_FRAMEWORK_HEADER = YES;
				CLANG_WARN_RANGE_LOOP_ANALYSIS = YES;
				CLANG_WARN_STRICT_PROTOTYPES = YES;
				CLANG_WARN_SUSPICIOUS_MOVE = YES;
				CLANG_WARN_UNGUARDED_AVAILABILITY = YES_AGGRESSIVE;
				CLANG_WARN_UNREACHABLE_CODE = YES;
				CLANG_WARN__DUPLICATE_METHOD_MATCH = YES;
				COPY_PHASE_STRIP = NO;
				DEBUG_INFORMATION_FORMAT = "dwarf-with-dsym";
				ENABLE_NS_ASSERTIONS = NO;
				ENABLE_STRICT_OBJC_MSGSEND = YES;
				ENABLE_USER_SCRIPT_SANDBOXING = YES;
				GCC_C_LANGUAGE_STANDARD = gnu17;
				GCC_NO_COMMON_BLOCKS = YES;
				GCC_WARN_64_TO_32_BIT_CONVERSION = YES;
				GCC_WARN_ABOUT_RETURN_TYPE = YES_ERROR;
				GCC_WARN_UNDECLARED_SELECTOR = YES;
				GCC_WARN_UNINITIALIZED_AUTOS = YES_AGGRESSIVE;
				GCC_WARN_UNUSED_FUNCTION = YES;
				GCC_WARN_UNUSED_VARIABLE = YES;
				IPHONEOS_DEPLOYMENT_TARGET = 17.2;
				LOCALIZATION_PREFERS_STRING_CATALOGS = YES;
				MTL_ENABLE_DEBUG_INFO = NO;
				MTL_FAST_MATH = YES;
				SDKROOT = iphoneos;
				SWIFT_COMPILATION_MODE = wholemodule;
				VALIDATE_PRODUCT = YES;
			};
			name = Release;
		};
		7A48940C2B69A55600A559E6 /* Debug */ = {
			isa = XCBuildConfiguration;
			buildSettings = {
				ASSETCATALOG_COMPILER_APPICON_NAME = AppIcon;
				ASSETCATALOG_COMPILER_GLOBAL_ACCENT_COLOR_NAME = AccentColor;
				CODE_SIGN_STYLE = Automatic;
				CURRENT_PROJECT_VERSION = 1;
				DEVELOPMENT_ASSET_PATHS = "\"where2eat/Preview Content\"";
				DEVELOPMENT_TEAM = RNWAL3B8YG;
				ENABLE_PREVIEWS = YES;
				GENERATE_INFOPLIST_FILE = YES;
				INFOPLIST_KEY_UIApplicationSceneManifest_Generation = YES;
				INFOPLIST_KEY_UIApplicationSupportsIndirectInputEvents = YES;
				INFOPLIST_KEY_UILaunchScreen_Generation = YES;
				INFOPLIST_KEY_UISupportedInterfaceOrientations_iPad = "UIInterfaceOrientationPortrait UIInterfaceOrientationPortraitUpsideDown UIInterfaceOrientationLandscapeLeft UIInterfaceOrientationLandscapeRight";
				INFOPLIST_KEY_UISupportedInterfaceOrientations_iPhone = "UIInterfaceOrientationPortrait UIInterfaceOrientationLandscapeLeft UIInterfaceOrientationLandscapeRight";
				IPHONEOS_DEPLOYMENT_TARGET = 15.6;
				LD_RUNPATH_SEARCH_PATHS = (
					"$(inherited)",
					"@executable_path/Frameworks",
				);
				MARKETING_VERSION = 1.0;
				PRODUCT_BUNDLE_IDENTIFIER = adrien.where2eat;
				PRODUCT_NAME = "$(TARGET_NAME)";
				SWIFT_EMIT_LOC_STRINGS = YES;
				SWIFT_VERSION = 5.0;
				TARGETED_DEVICE_FAMILY = "1,2";
			};
			name = Debug;
		};
		7A48940D2B69A55600A559E6 /* Release */ = {
			isa = XCBuildConfiguration;
			buildSettings = {
				ASSETCATALOG_COMPILER_APPICON_NAME = AppIcon;
				ASSETCATALOG_COMPILER_GLOBAL_ACCENT_COLOR_NAME = AccentColor;
				CODE_SIGN_STYLE = Automatic;
				CURRENT_PROJECT_VERSION = 1;
				DEVELOPMENT_ASSET_PATHS = "\"where2eat/Preview Content\"";
				DEVELOPMENT_TEAM = RNWAL3B8YG;
				ENABLE_PREVIEWS = YES;
				GENERATE_INFOPLIST_FILE = YES;
				INFOPLIST_KEY_UIApplicationSceneManifest_Generation = YES;
				INFOPLIST_KEY_UIApplicationSupportsIndirectInputEvents = YES;
				INFOPLIST_KEY_UILaunchScreen_Generation = YES;
				INFOPLIST_KEY_UISupportedInterfaceOrientations_iPad = "UIInterfaceOrientationPortrait UIInterfaceOrientationPortraitUpsideDown UIInterfaceOrientationLandscapeLeft UIInterfaceOrientationLandscapeRight";
				INFOPLIST_KEY_UISupportedInterfaceOrientations_iPhone = "UIInterfaceOrientationPortrait UIInterfaceOrientationLandscapeLeft UIInterfaceOrientationLandscapeRight";
				IPHONEOS_DEPLOYMENT_TARGET = 15.6;
				LD_RUNPATH_SEARCH_PATHS = (
					"$(inherited)",
					"@executable_path/Frameworks",
				);
				MARKETING_VERSION = 1.0;
				PRODUCT_BUNDLE_IDENTIFIER = adrien.where2eat;
				PRODUCT_NAME = "$(TARGET_NAME)";
				SWIFT_EMIT_LOC_STRINGS = YES;
				SWIFT_VERSION = 5.0;
				TARGETED_DEVICE_FAMILY = "1,2";
			};
			name = Release;
		};
		7A48940F2B69A55600A559E6 /* Debug */ = {
			isa = XCBuildConfiguration;
			buildSettings = {
				ALWAYS_EMBED_SWIFT_STANDARD_LIBRARIES = YES;
				BUNDLE_LOADER = "$(TEST_HOST)";
				CODE_SIGN_STYLE = Automatic;
				CURRENT_PROJECT_VERSION = 1;
				DEVELOPMENT_TEAM = RNWAL3B8YG;
				GENERATE_INFOPLIST_FILE = YES;
				IPHONEOS_DEPLOYMENT_TARGET = 15.6;
				MARKETING_VERSION = 1.0;
				PRODUCT_BUNDLE_IDENTIFIER = adrien.where2eatTests;
				PRODUCT_NAME = "$(TARGET_NAME)";
				SWIFT_EMIT_LOC_STRINGS = NO;
				SWIFT_VERSION = 5.0;
				TARGETED_DEVICE_FAMILY = "1,2";
				TEST_HOST = "$(BUILT_PRODUCTS_DIR)/where2eat.app/$(BUNDLE_EXECUTABLE_FOLDER_PATH)/where2eat";
			};
			name = Debug;
		};
		7A4894102B69A55600A559E6 /* Release */ = {
			isa = XCBuildConfiguration;
			buildSettings = {
				ALWAYS_EMBED_SWIFT_STANDARD_LIBRARIES = YES;
				BUNDLE_LOADER = "$(TEST_HOST)";
				CODE_SIGN_STYLE = Automatic;
				CURRENT_PROJECT_VERSION = 1;
				DEVELOPMENT_TEAM = RNWAL3B8YG;
				GENERATE_INFOPLIST_FILE = YES;
				IPHONEOS_DEPLOYMENT_TARGET = 15.6;
				MARKETING_VERSION = 1.0;
				PRODUCT_BUNDLE_IDENTIFIER = adrien.where2eatTests;
				PRODUCT_NAME = "$(TARGET_NAME)";
				SWIFT_EMIT_LOC_STRINGS = NO;
				SWIFT_VERSION = 5.0;
				TARGETED_DEVICE_FAMILY = "1,2";
				TEST_HOST = "$(BUILT_PRODUCTS_DIR)/where2eat.app/$(BUNDLE_EXECUTABLE_FOLDER_PATH)/where2eat";
			};
			name = Release;
		};
		7A4894122B69A55600A559E6 /* Debug */ = {
			isa = XCBuildConfiguration;
			buildSettings = {
				ALWAYS_EMBED_SWIFT_STANDARD_LIBRARIES = YES;
				CODE_SIGN_STYLE = Automatic;
				CURRENT_PROJECT_VERSION = 1;
				DEVELOPMENT_TEAM = RNWAL3B8YG;
				GENERATE_INFOPLIST_FILE = YES;
				IPHONEOS_DEPLOYMENT_TARGET = 15.6;
				MARKETING_VERSION = 1.0;
				PRODUCT_BUNDLE_IDENTIFIER = adrien.where2eatUITests;
				PRODUCT_NAME = "$(TARGET_NAME)";
				SWIFT_EMIT_LOC_STRINGS = NO;
				SWIFT_VERSION = 5.0;
				TARGETED_DEVICE_FAMILY = "1,2";
				TEST_TARGET_NAME = where2eat;
			};
			name = Debug;
		};
		7A4894132B69A55600A559E6 /* Release */ = {
			isa = XCBuildConfiguration;
			buildSettings = {
				ALWAYS_EMBED_SWIFT_STANDARD_LIBRARIES = YES;
				CODE_SIGN_STYLE = Automatic;
				CURRENT_PROJECT_VERSION = 1;
				DEVELOPMENT_TEAM = RNWAL3B8YG;
				GENERATE_INFOPLIST_FILE = YES;
				IPHONEOS_DEPLOYMENT_TARGET = 15.6;
				MARKETING_VERSION = 1.0;
				PRODUCT_BUNDLE_IDENTIFIER = adrien.where2eatUITests;
				PRODUCT_NAME = "$(TARGET_NAME)";
				SWIFT_EMIT_LOC_STRINGS = NO;
				SWIFT_VERSION = 5.0;
				TARGETED_DEVICE_FAMILY = "1,2";
				TEST_TARGET_NAME = where2eat;
			};
			name = Release;
		};
/* End XCBuildConfiguration section */

/* Begin XCConfigurationList section */
		7A4893E22B69A55500A559E6 /* Build configuration list for PBXProject "where2eat" */ = {
			isa = XCConfigurationList;
			buildConfigurations = (
				7A4894092B69A55600A559E6 /* Debug */,
				7A48940A2B69A55600A559E6 /* Release */,
			);
			defaultConfigurationIsVisible = 0;
			defaultConfigurationName = Release;
		};
		7A48940B2B69A55600A559E6 /* Build configuration list for PBXNativeTarget "where2eat" */ = {
			isa = XCConfigurationList;
			buildConfigurations = (
				7A48940C2B69A55600A559E6 /* Debug */,
				7A48940D2B69A55600A559E6 /* Release */,
			);
			defaultConfigurationIsVisible = 0;
			defaultConfigurationName = Release;
		};
		7A48940E2B69A55600A559E6 /* Build configuration list for PBXNativeTarget "where2eatTests" */ = {
			isa = XCConfigurationList;
			buildConfigurations = (
				7A48940F2B69A55600A559E6 /* Debug */,
				7A4894102B69A55600A559E6 /* Release */,
			);
			defaultConfigurationIsVisible = 0;
			defaultConfigurationName = Release;
		};
		7A4894112B69A55600A559E6 /* Build configuration list for PBXNativeTarget "where2eatUITests" */ = {
			isa = XCConfigurationList;
			buildConfigurations = (
				7A4894122B69A55600A559E6 /* Debug */,
				7A4894132B69A55600A559E6 /* Release */,
			);
			defaultConfigurationIsVisible = 0;
			defaultConfigurationName = Release;
		};
/* End XCConfigurationList section */
	};
	rootObject = 7A4893DF2B69A55500A559E6 /* Project object */;
}
